
Microsoft Visual Studio Solution File, Format Version 12.00
# Visual Studio Version 16
VisualStudioVersion = 16.0.30907.101
MinimumVisualStudioVersion = 10.0.40219.1
Project("{FAE04EC0-301F-11D3-BF4B-00C04F79EFBC}") = "CodingTestNagarro", "CodingTestNagarro\CodingTestNagarro.csproj", "{8FDFB474-9BD6-4D71-B216-EBF6CE13D9C1}"
EndProject
Project("{FAE04EC0-301F-11D3-BF4B-00C04F79EFBC}") = "NUnitTestCodingNagarro", "NUnitTestCodingNagarro\NUnitTestCodingNagarro.csproj", "{5086BE33-7CBA-4B24-90FC-38A517B1BB2A}"
EndProject
Global
	GlobalSection(SolutionConfigurationPlatforms) = preSolution
		Debug|Any CPU = Debug|Any CPU
		Release|Any CPU = Release|Any CPU
	EndGlobalSection
	GlobalSection(ProjectConfigurationPlatforms) = postSolution
		{8FDFB474-9BD6-4D71-B216-EBF6CE13D9C1}.Debug|Any CPU.ActiveCfg = Debug|Any CPU
		{8FDFB474-9BD6-4D71-B216-EBF6CE13D9C1}.Debug|Any CPU.Build.0 = Debug|Any CPU
		{8FDFB474-9BD6-4D71-B216-EBF6CE13D9C1}.Release|Any CPU.ActiveCfg = Release|Any CPU
		{8FDFB474-9BD6-4D71-B216-EBF6CE13D9C1}.Release|Any CPU.Build.0 = Release|Any CPU
		{5086BE33-7CBA-4B24-90FC-38A517B1BB2A}.Debug|Any CPU.ActiveCfg = Debug|Any CPU
		{5086BE33-7CBA-4B24-90FC-38A517B1BB2A}.Debug|Any CPU.Build.0 = Debug|Any CPU
		{5086BE33-7CBA-4B24-90FC-38A517B1BB2A}.Release|Any CPU.ActiveCfg = Release|Any CPU
		{5086BE33-7CBA-4B24-90FC-38A517B1BB2A}.Release|Any CPU.Build.0 = Release|Any CPU
	EndGlobalSection
	GlobalSection(SolutionProperties) = preSolution
		HideSolutionNode = FALSE
	EndGlobalSection
	GlobalSection(ExtensibilityGlobals) = postSolution
		SolutionGuid = {72FE0B05-B1C5-40AC-84BC-3454034F3652}
	EndGlobalSection
EndGlobal
